
Microsoft Visual Studio Solution File, Format Version 12.00
# Visual Studio 15
VisualStudioVersion = 15.0.28307.168
MinimumVisualStudioVersion = 10.0.40219.1
Project("{888888A0-9F3D-457C-B088-3A5042F75D52}") = "PythonApplication_TSP3", "PythonApplication_TSP3\PythonApplication_TSP3.pyproj", "{0FEFFDCD-5108-499E-AA88-8595B879DEC1}"
EndProject
Global
	GlobalSection(SolutionConfigurationPlatforms) = preSolution
		Debug|Any CPU = Debug|Any CPU
		Release|Any CPU = Release|Any CPU
	EndGlobalSection
	GlobalSection(ProjectConfigurationPlatforms) = postSolution
		{0FEFFDCD-5108-499E-AA88-8595B879DEC1}.Debug|Any CPU.ActiveCfg = Debug|Any CPU
		{0FEFFDCD-5108-499E-AA88-8595B879DEC1}.Release|Any CPU.ActiveCfg = Release|Any CPU
	EndGlobalSection
	GlobalSection(SolutionProperties) = preSolution
		HideSolutionNode = FALSE
	EndGlobalSection
	GlobalSection(ExtensibilityGlobals) = postSolution
		SolutionGuid = {E2E557E7-9FF9-43DE-AAA8-B76BB8251EF7}
	EndGlobalSection
EndGlobal
