
Microsoft Visual Studio Solution File, Format Version 12.00
# Visual Studio 15
VisualStudioVersion = 15.0.28307.168
MinimumVisualStudioVersion = 10.0.40219.1
Project("{888888A0-9F3D-457C-B088-3A5042F75D52}") = "PythonApplication_HCE1", "PythonApplication_HCE1\PythonApplication_HCE1.pyproj", "{1B6EBB00-8482-470A-BB02-C6AE63BA3410}"
EndProject
Global
	GlobalSection(SolutionConfigurationPlatforms) = preSolution
		Debug|Any CPU = Debug|Any CPU
		Release|Any CPU = Release|Any CPU
	EndGlobalSection
	GlobalSection(ProjectConfigurationPlatforms) = postSolution
		{1B6EBB00-8482-470A-BB02-C6AE63BA3410}.Debug|Any CPU.ActiveCfg = Debug|Any CPU
		{1B6EBB00-8482-470A-BB02-C6AE63BA3410}.Release|Any CPU.ActiveCfg = Release|Any CPU
	EndGlobalSection
	GlobalSection(SolutionProperties) = preSolution
		HideSolutionNode = FALSE
	EndGlobalSection
	GlobalSection(ExtensibilityGlobals) = postSolution
		SolutionGuid = {22AA5243-1F27-4A34-AADD-6294524628D4}
	EndGlobalSection
EndGlobal
