
Microsoft Visual Studio Solution File, Format Version 12.00
# Visual Studio 15
VisualStudioVersion = 15.0.28307.168
MinimumVisualStudioVersion = 10.0.40219.1
Project("{888888A0-9F3D-457C-B088-3A5042F75D52}") = "PythonApplication_HCE2", "PythonApplication_HCE2\PythonApplication_HCE2.pyproj", "{73DF474E-308D-4625-AC7A-AB23F49C3BB2}"
EndProject
Global
	GlobalSection(SolutionConfigurationPlatforms) = preSolution
		Debug|Any CPU = Debug|Any CPU
		Release|Any CPU = Release|Any CPU
	EndGlobalSection
	GlobalSection(ProjectConfigurationPlatforms) = postSolution
		{73DF474E-308D-4625-AC7A-AB23F49C3BB2}.Debug|Any CPU.ActiveCfg = Debug|Any CPU
		{73DF474E-308D-4625-AC7A-AB23F49C3BB2}.Release|Any CPU.ActiveCfg = Release|Any CPU
	EndGlobalSection
	GlobalSection(SolutionProperties) = preSolution
		HideSolutionNode = FALSE
	EndGlobalSection
	GlobalSection(ExtensibilityGlobals) = postSolution
		SolutionGuid = {C91B5628-96E2-41C1-89D4-942A610B9513}
	EndGlobalSection
EndGlobal
