
Microsoft Visual Studio Solution File, Format Version 12.00
# Visual Studio 15
VisualStudioVersion = 15.0.28307.168
MinimumVisualStudioVersion = 10.0.40219.1
Project("{888888A0-9F3D-457C-B088-3A5042F75D52}") = "PythonApplication_HCE3", "PythonApplication_HCE3\PythonApplication_HCE3.pyproj", "{D31F0BAA-31F4-4DF4-AED4-85D92069BFB9}"
EndProject
Global
	GlobalSection(SolutionConfigurationPlatforms) = preSolution
		Debug|Any CPU = Debug|Any CPU
		Release|Any CPU = Release|Any CPU
	EndGlobalSection
	GlobalSection(ProjectConfigurationPlatforms) = postSolution
		{D31F0BAA-31F4-4DF4-AED4-85D92069BFB9}.Debug|Any CPU.ActiveCfg = Debug|Any CPU
		{D31F0BAA-31F4-4DF4-AED4-85D92069BFB9}.Release|Any CPU.ActiveCfg = Release|Any CPU
	EndGlobalSection
	GlobalSection(SolutionProperties) = preSolution
		HideSolutionNode = FALSE
	EndGlobalSection
	GlobalSection(ExtensibilityGlobals) = postSolution
		SolutionGuid = {86E9741F-3A95-481F-9C80-9A1F73EEC3D0}
	EndGlobalSection
EndGlobal
