
Microsoft Visual Studio Solution File, Format Version 12.00
# Visual Studio 15
VisualStudioVersion = 15.0.28307.168
MinimumVisualStudioVersion = 10.0.40219.1
Project("{888888A0-9F3D-457C-B088-3A5042F75D52}") = "PythonApplication_TSP1", "PythonApplication_TSP1\PythonApplication_TSP1.pyproj", "{6667FCB3-05B6-4E2D-9814-E8805A4BD331}"
EndProject
Global
	GlobalSection(SolutionConfigurationPlatforms) = preSolution
		Debug|Any CPU = Debug|Any CPU
		Release|Any CPU = Release|Any CPU
	EndGlobalSection
	GlobalSection(ProjectConfigurationPlatforms) = postSolution
		{6667FCB3-05B6-4E2D-9814-E8805A4BD331}.Debug|Any CPU.ActiveCfg = Debug|Any CPU
		{6667FCB3-05B6-4E2D-9814-E8805A4BD331}.Release|Any CPU.ActiveCfg = Release|Any CPU
	EndGlobalSection
	GlobalSection(SolutionProperties) = preSolution
		HideSolutionNode = FALSE
	EndGlobalSection
	GlobalSection(ExtensibilityGlobals) = postSolution
		SolutionGuid = {EE81213D-D4BE-4826-A29C-9A20AC71C4B7}
	EndGlobalSection
EndGlobal
