
Microsoft Visual Studio Solution File, Format Version 12.00
# Visual Studio Version 16
VisualStudioVersion = 16.0.29102.190
MinimumVisualStudioVersion = 10.0.40219.1
Project("{888888A0-9F3D-457C-B088-3A5042F75D52}") = "PythonApplication_Gameriron", "PythonApplication_Gameriron\PythonApplication_Gameriron.pyproj", "{AED5D907-E253-4E25-9624-A8B4EE9B9B1D}"
EndProject
Global
	GlobalSection(SolutionConfigurationPlatforms) = preSolution
		Debug|Any CPU = Debug|Any CPU
		Release|Any CPU = Release|Any CPU
	EndGlobalSection
	GlobalSection(ProjectConfigurationPlatforms) = postSolution
		{AED5D907-E253-4E25-9624-A8B4EE9B9B1D}.Debug|Any CPU.ActiveCfg = Debug|Any CPU
		{AED5D907-E253-4E25-9624-A8B4EE9B9B1D}.Release|Any CPU.ActiveCfg = Release|Any CPU
	EndGlobalSection
	GlobalSection(SolutionProperties) = preSolution
		HideSolutionNode = FALSE
	EndGlobalSection
	GlobalSection(ExtensibilityGlobals) = postSolution
		SolutionGuid = {08E1976D-9D92-4B07-9AAB-16B94CCF7EA4}
	EndGlobalSection
EndGlobal
