
Microsoft Visual Studio Solution File, Format Version 12.00
# Visual Studio 15
VisualStudioVersion = 15.0.28124.53
MinimumVisualStudioVersion = 10.0.40219.1
Project("{888888A0-9F3D-457C-B088-3A5042F75D52}") = "PythonApplication_CellAutomaton", "PythonApplication_CellAutomaton\PythonApplication_CellAutomaton.pyproj", "{7F5CBCCB-B139-4D05-9078-45F1B1BF071A}"
EndProject
Global
	GlobalSection(SolutionConfigurationPlatforms) = preSolution
		Debug|Any CPU = Debug|Any CPU
		Release|Any CPU = Release|Any CPU
	EndGlobalSection
	GlobalSection(ProjectConfigurationPlatforms) = postSolution
		{7F5CBCCB-B139-4D05-9078-45F1B1BF071A}.Debug|Any CPU.ActiveCfg = Debug|Any CPU
		{7F5CBCCB-B139-4D05-9078-45F1B1BF071A}.Release|Any CPU.ActiveCfg = Release|Any CPU
	EndGlobalSection
	GlobalSection(SolutionProperties) = preSolution
		HideSolutionNode = FALSE
	EndGlobalSection
EndGlobal
