
Microsoft Visual Studio Solution File, Format Version 12.00
# Visual Studio 15
VisualStudioVersion = 15.0.28307.329
MinimumVisualStudioVersion = 10.0.40219.1
Project("{888888A0-9F3D-457C-B088-3A5042F75D52}") = "PythonApplication_Transportation1", "PythonApplication_Transportation1\PythonApplication_Transportation1.pyproj", "{21A57CDF-EA9D-4D7B-B9DE-0960628E63DB}"
EndProject
Global
	GlobalSection(SolutionConfigurationPlatforms) = preSolution
		Debug|Any CPU = Debug|Any CPU
		Release|Any CPU = Release|Any CPU
	EndGlobalSection
	GlobalSection(ProjectConfigurationPlatforms) = postSolution
		{21A57CDF-EA9D-4D7B-B9DE-0960628E63DB}.Debug|Any CPU.ActiveCfg = Debug|Any CPU
		{21A57CDF-EA9D-4D7B-B9DE-0960628E63DB}.Release|Any CPU.ActiveCfg = Release|Any CPU
	EndGlobalSection
	GlobalSection(SolutionProperties) = preSolution
		HideSolutionNode = FALSE
	EndGlobalSection
	GlobalSection(ExtensibilityGlobals) = postSolution
		SolutionGuid = {158287D7-9F92-4F1B-81D4-C1EC3FC91D89}
	EndGlobalSection
EndGlobal
